
Microsoft Visual Studio Solution File, Format Version 12.00
# Visual Studio Version 17
VisualStudioVersion = 17.1.32414.318
MinimumVisualStudioVersion = 10.0.40219.1
Project("{FAE04EC0-301F-11D3-BF4B-00C04F79EFBC}") = "Management.Web", "Management.Web\Management.Web.csproj", "{3409FC6C-2068-4C7A-ABEB-2B761403193A}"
EndProject
Global
	GlobalSection(SolutionConfigurationPlatforms) = preSolution
		Debug|Any CPU = Debug|Any CPU
		Release|Any CPU = Release|Any CPU
	EndGlobalSection
	GlobalSection(ProjectConfigurationPlatforms) = postSolution
		{3409FC6C-2068-4C7A-ABEB-2B761403193A}.Debug|Any CPU.ActiveCfg = Debug|Any CPU
		{3409FC6C-2068-4C7A-ABEB-2B761403193A}.Debug|Any CPU.Build.0 = Debug|Any CPU
		{3409FC6C-2068-4C7A-ABEB-2B761403193A}.Release|Any CPU.ActiveCfg = Release|Any CPU
		{3409FC6C-2068-4C7A-ABEB-2B761403193A}.Release|Any CPU.Build.0 = Release|Any CPU
	EndGlobalSection
	GlobalSection(SolutionProperties) = preSolution
		HideSolutionNode = FALSE
	EndGlobalSection
	GlobalSection(ExtensibilityGlobals) = postSolution
		SolutionGuid = {23289744-6E6C-43E2-A275-22B08EC93D1B}
	EndGlobalSection
EndGlobal
